// !$*UTF8*$!
{
	archiveVersion = 1;
	classes = {
	};
	objectVersion = 56;
	objects = {

/* Begin PBXBuildFile section */

		272048042A728F95008776F6 /* cartClass.swift in Sources */ = {isa = PBXBuildFile; fileRef = 272048022A728F95008776F6 /* cartClass.swift */; };
		272048052A728F95008776F6 /* cartFunc.swift in Sources */ = {isa = PBXBuildFile; fileRef = 272048032A728F95008776F6 /* cartFunc.swift */; };

		0792664B2A728FAA00DE7E10 /* test file.swift in Sources */ = {isa = PBXBuildFile; fileRef = 0792664A2A728FAA00DE7E10 /* test file.swift */; };

		B8FDC62B2A71590D008FD9EE /* main.swift in Sources */ = {isa = PBXBuildFile; fileRef = B8FDC62A2A71590D008FD9EE /* main.swift */; };
		B8FDC6322A71594A008FD9EE /* homeMenu.swift in Sources */ = {isa = PBXBuildFile; fileRef = B8FDC6312A71594A008FD9EE /* homeMenu.swift */; };
		B8FDC6342A71595F008FD9EE /* menuOrderPage.swift in Sources */ = {isa = PBXBuildFile; fileRef = B8FDC6332A71595F008FD9EE /* menuOrderPage.swift */; };
		B8FDC6362A71596D008FD9EE /* customOrderPage.swift in Sources */ = {isa = PBXBuildFile; fileRef = B8FDC6352A71596D008FD9EE /* customOrderPage.swift */; };
		B8FDC63A2A7159A8008FD9EE /* cart.swift in Sources */ = {isa = PBXBuildFile; fileRef = B8FDC6392A7159A8008FD9EE /* cart.swift */; };
		B8FDC63D2A7159EA008FD9EE /* bank.swift in Sources */ = {isa = PBXBuildFile; fileRef = B8FDC63C2A7159EA008FD9EE /* bank.swift */; };
/* End PBXBuildFile section */

/* Begin PBXCopyFilesBuildPhase section */
		B8FDC6252A71590D008FD9EE /* CopyFiles */ = {
			isa = PBXCopyFilesBuildPhase;
			buildActionMask = 2147483647;
			dstPath = /usr/share/man/man1/;
			dstSubfolderSpec = 0;
			files = (
			);
			runOnlyForDeploymentPostprocessing = 1;
		};
/* End PBXCopyFilesBuildPhase section */

/* Begin PBXFileReference section */

		272048022A728F95008776F6 /* cartClass.swift */ = {isa = PBXFileReference; fileEncoding = 4; lastKnownFileType = sourcecode.swift; path = cartClass.swift; sourceTree = "<group>"; };
		272048032A728F95008776F6 /* cartFunc.swift */ = {isa = PBXFileReference; fileEncoding = 4; lastKnownFileType = sourcecode.swift; path = cartFunc.swift; sourceTree = "<group>"; };

		0792664A2A728FAA00DE7E10 /* test file.swift */ = {isa = PBXFileReference; lastKnownFileType = sourcecode.swift; path = "test file.swift"; sourceTree = "<group>"; };

		B8FDC6272A71590D008FD9EE /* elevenProject */ = {isa = PBXFileReference; explicitFileType = "compiled.mach-o.executable"; includeInIndex = 0; path = elevenProject; sourceTree = BUILT_PRODUCTS_DIR; };
		B8FDC62A2A71590D008FD9EE /* main.swift */ = {isa = PBXFileReference; lastKnownFileType = sourcecode.swift; path = main.swift; sourceTree = "<group>"; };
		B8FDC6312A71594A008FD9EE /* homeMenu.swift */ = {isa = PBXFileReference; lastKnownFileType = sourcecode.swift; path = homeMenu.swift; sourceTree = "<group>"; };
		B8FDC6332A71595F008FD9EE /* menuOrderPage.swift */ = {isa = PBXFileReference; lastKnownFileType = sourcecode.swift; path = menuOrderPage.swift; sourceTree = "<group>"; };
		B8FDC6352A71596D008FD9EE /* customOrderPage.swift */ = {isa = PBXFileReference; lastKnownFileType = sourcecode.swift; path = customOrderPage.swift; sourceTree = "<group>"; };
		B8FDC6392A7159A8008FD9EE /* cart.swift */ = {isa = PBXFileReference; lastKnownFileType = sourcecode.swift; path = cart.swift; sourceTree = "<group>"; };
		B8FDC63C2A7159EA008FD9EE /* bank.swift */ = {isa = PBXFileReference; lastKnownFileType = sourcecode.swift; path = bank.swift; sourceTree = "<group>"; };
/* End PBXFileReference section */

/* Begin PBXFrameworksBuildPhase section */
		B8FDC6242A71590D008FD9EE /* Frameworks */ = {
			isa = PBXFrameworksBuildPhase;
			buildActionMask = 2147483647;
			files = (
			);
			runOnlyForDeploymentPostprocessing = 0;
		};
/* End PBXFrameworksBuildPhase section */

/* Begin PBXGroup section */
		B8FDC61E2A71590D008FD9EE = {
			isa = PBXGroup;
			children = (
				B8FDC6292A71590D008FD9EE /* elevenProject */,
				B8FDC6282A71590D008FD9EE /* Products */,
			);
			sourceTree = "<group>";
		};
		B8FDC6282A71590D008FD9EE /* Products */ = {
			isa = PBXGroup;
			children = (
				B8FDC6272A71590D008FD9EE /* elevenProject */,
			);
			name = Products;
			sourceTree = "<group>";
		};
		B8FDC6292A71590D008FD9EE /* elevenProject */ = {
			isa = PBXGroup;
			children = (
				B8FDC62A2A71590D008FD9EE /* main.swift */,
				B8FDC6312A71594A008FD9EE /* homeMenu.swift */,
				0792664A2A728FAA00DE7E10 /* test file.swift */,
				B8FDC6372A715974008FD9EE /* OrderPage */,
				B8FDC6382A715989008FD9EE /* CartPage */,
				B8FDC63B2A7159B1008FD9EE /* walt */,
			);
			path = elevenProject;
			sourceTree = "<group>";
		};
		B8FDC6372A715974008FD9EE /* OrderPage */ = {
			isa = PBXGroup;
			children = (
				B8FDC6332A71595F008FD9EE /* menuOrderPage.swift */,
				B8FDC6352A71596D008FD9EE /* customOrderPage.swift */,
			);
			path = OrderPage;
			sourceTree = "<group>";
		};
		B8FDC6382A715989008FD9EE /* CartPage */ = {
			isa = PBXGroup;
			children = (
				B8FDC6392A7159A8008FD9EE /* cart.swift */,
				272048022A728F95008776F6 /* cartClass.swift */,
				272048032A728F95008776F6 /* cartFunc.swift */,
			);
			path = CartPage;
			sourceTree = "<group>";
		};
		B8FDC63B2A7159B1008FD9EE /* walt */ = {
			isa = PBXGroup;
			children = (
				B8FDC63E2A715A01008FD9EE /* Bank */,
				B8FDC6402A715A52008FD9EE /* Alba */,
				B8FDC63F2A715A1D008FD9EE /* Casino */,
			);
			path = walt;
			sourceTree = "<group>";
		};
		B8FDC63E2A715A01008FD9EE /* Bank */ = {
			isa = PBXGroup;
			children = (
				B8FDC63C2A7159EA008FD9EE /* bank.swift */,
			);
			path = Bank;
			sourceTree = "<group>";
		};
		B8FDC63F2A715A1D008FD9EE /* Casino */ = {
			isa = PBXGroup;
			children = (
			);
			path = Casino;
			sourceTree = "<group>";
		};
		B8FDC6402A715A52008FD9EE /* Alba */ = {
			isa = PBXGroup;
			children = (
			);
			path = Alba;
			sourceTree = "<group>";
		};
/* End PBXGroup section */

/* Begin PBXNativeTarget section */
		B8FDC6262A71590D008FD9EE /* elevenProject */ = {
			isa = PBXNativeTarget;
			buildConfigurationList = B8FDC62E2A71590D008FD9EE /* Build configuration list for PBXNativeTarget "elevenProject" */;
			buildPhases = (
				B8FDC6232A71590D008FD9EE /* Sources */,
				B8FDC6242A71590D008FD9EE /* Frameworks */,
				B8FDC6252A71590D008FD9EE /* CopyFiles */,
			);
			buildRules = (
			);
			dependencies = (
			);
			name = elevenProject;
			productName = elevenProject;
			productReference = B8FDC6272A71590D008FD9EE /* elevenProject */;
			productType = "com.apple.product-type.tool";
		};
/* End PBXNativeTarget section */

/* Begin PBXProject section */
		B8FDC61F2A71590D008FD9EE /* Project object */ = {
			isa = PBXProject;
			attributes = {
				BuildIndependentTargetsInParallel = 1;
				LastSwiftUpdateCheck = 1430;
				LastUpgradeCheck = 1430;
				TargetAttributes = {
					B8FDC6262A71590D008FD9EE = {
						CreatedOnToolsVersion = 14.3.1;
					};
				};
			};
			buildConfigurationList = B8FDC6222A71590D008FD9EE /* Build configuration list for PBXProject "elevenProject" */;
			compatibilityVersion = "Xcode 14.0";
			developmentRegion = en;
			hasScannedForEncodings = 0;
			knownRegions = (
				en,
				Base,
			);
			mainGroup = B8FDC61E2A71590D008FD9EE;
			productRefGroup = B8FDC6282A71590D008FD9EE /* Products */;
			projectDirPath = "";
			projectRoot = "";
			targets = (
				B8FDC6262A71590D008FD9EE /* elevenProject */,
			);
		};
/* End PBXProject section */

/* Begin PBXSourcesBuildPhase section */
		B8FDC6232A71590D008FD9EE /* Sources */ = {
			isa = PBXSourcesBuildPhase;
			buildActionMask = 2147483647;
			files = (
				B8FDC63D2A7159EA008FD9EE /* bank.swift in Sources */,
				B8FDC6362A71596D008FD9EE /* customOrderPage.swift in Sources */,
				B8FDC62B2A71590D008FD9EE /* main.swift in Sources */,
				B8FDC6322A71594A008FD9EE /* homeMenu.swift in Sources */,
				B8FDC63A2A7159A8008FD9EE /* cart.swift in Sources */,
				272048042A728F95008776F6 /* cartClass.swift in Sources */,
				B8FDC6342A71595F008FD9EE /* menuOrderPage.swift in Sources */,

				272048052A728F95008776F6 /* cartFunc.swift in Sources */,

				0792664B2A728FAA00DE7E10 /* test file.swift in Sources */,

			);
			runOnlyForDeploymentPostprocessing = 0;
		};
/* End PBXSourcesBuildPhase section */

/* Begin XCBuildConfiguration section */
		B8FDC62C2A71590D008FD9EE /* Debug */ = {
			isa = XCBuildConfiguration;
			buildSettings = {
				ALWAYS_SEARCH_USER_PATHS = NO;
				CLANG_ANALYZER_NONNULL = YES;
				CLANG_ANALYZER_NUMBER_OBJECT_CONVERSION = YES_AGGRESSIVE;
				CLANG_CXX_LANGUAGE_STANDARD = "gnu++20";
				CLANG_ENABLE_MODULES = YES;
				CLANG_ENABLE_OBJC_ARC = YES;
				CLANG_ENABLE_OBJC_WEAK = YES;
				CLANG_WARN_BLOCK_CAPTURE_AUTORELEASING = YES;
				CLANG_WARN_BOOL_CONVERSION = YES;
				CLANG_WARN_COMMA = YES;
				CLANG_WARN_CONSTANT_CONVERSION = YES;
				CLANG_WARN_DEPRECATED_OBJC_IMPLEMENTATIONS = YES;
				CLANG_WARN_DIRECT_OBJC_ISA_USAGE = YES_ERROR;
				CLANG_WARN_DOCUMENTATION_COMMENTS = YES;
				CLANG_WARN_EMPTY_BODY = YES;
				CLANG_WARN_ENUM_CONVERSION = YES;
				CLANG_WARN_INFINITE_RECURSION = YES;
				CLANG_WARN_INT_CONVERSION = YES;
				CLANG_WARN_NON_LITERAL_NULL_CONVERSION = YES;
				CLANG_WARN_OBJC_IMPLICIT_RETAIN_SELF = YES;
				CLANG_WARN_OBJC_LITERAL_CONVERSION = YES;
				CLANG_WARN_OBJC_ROOT_CLASS = YES_ERROR;
				CLANG_WARN_QUOTED_INCLUDE_IN_FRAMEWORK_HEADER = YES;
				CLANG_WARN_RANGE_LOOP_ANALYSIS = YES;
				CLANG_WARN_STRICT_PROTOTYPES = YES;
				CLANG_WARN_SUSPICIOUS_MOVE = YES;
				CLANG_WARN_UNGUARDED_AVAILABILITY = YES_AGGRESSIVE;
				CLANG_WARN_UNREACHABLE_CODE = YES;
				CLANG_WARN__DUPLICATE_METHOD_MATCH = YES;
				COPY_PHASE_STRIP = NO;
				DEBUG_INFORMATION_FORMAT = dwarf;
				ENABLE_STRICT_OBJC_MSGSEND = YES;
				ENABLE_TESTABILITY = YES;
				GCC_C_LANGUAGE_STANDARD = gnu11;
				GCC_DYNAMIC_NO_PIC = NO;
				GCC_NO_COMMON_BLOCKS = YES;
				GCC_OPTIMIZATION_LEVEL = 0;
				GCC_PREPROCESSOR_DEFINITIONS = (
					"DEBUG=1",
					"$(inherited)",
				);
				GCC_WARN_64_TO_32_BIT_CONVERSION = YES;
				GCC_WARN_ABOUT_RETURN_TYPE = YES_ERROR;
				GCC_WARN_UNDECLARED_SELECTOR = YES;
				GCC_WARN_UNINITIALIZED_AUTOS = YES_AGGRESSIVE;
				GCC_WARN_UNUSED_FUNCTION = YES;
				GCC_WARN_UNUSED_VARIABLE = YES;
				MACOSX_DEPLOYMENT_TARGET = 13.2;
				MTL_ENABLE_DEBUG_INFO = INCLUDE_SOURCE;
				MTL_FAST_MATH = YES;
				ONLY_ACTIVE_ARCH = YES;
				SDKROOT = macosx;
				SWIFT_ACTIVE_COMPILATION_CONDITIONS = DEBUG;
				SWIFT_OPTIMIZATION_LEVEL = "-Onone";
			};
			name = Debug;
		};
		B8FDC62D2A71590D008FD9EE /* Release */ = {
			isa = XCBuildConfiguration;
			buildSettings = {
				ALWAYS_SEARCH_USER_PATHS = NO;
				CLANG_ANALYZER_NONNULL = YES;
				CLANG_ANALYZER_NUMBER_OBJECT_CONVERSION = YES_AGGRESSIVE;
				CLANG_CXX_LANGUAGE_STANDARD = "gnu++20";
				CLANG_ENABLE_MODULES = YES;
				CLANG_ENABLE_OBJC_ARC = YES;
				CLANG_ENABLE_OBJC_WEAK = YES;
				CLANG_WARN_BLOCK_CAPTURE_AUTORELEASING = YES;
				CLANG_WARN_BOOL_CONVERSION = YES;
				CLANG_WARN_COMMA = YES;
				CLANG_WARN_CONSTANT_CONVERSION = YES;
				CLANG_WARN_DEPRECATED_OBJC_IMPLEMENTATIONS = YES;
				CLANG_WARN_DIRECT_OBJC_ISA_USAGE = YES_ERROR;
				CLANG_WARN_DOCUMENTATION_COMMENTS = YES;
				CLANG_WARN_EMPTY_BODY = YES;
				CLANG_WARN_ENUM_CONVERSION = YES;
				CLANG_WARN_INFINITE_RECURSION = YES;
				CLANG_WARN_INT_CONVERSION = YES;
				CLANG_WARN_NON_LITERAL_NULL_CONVERSION = YES;
				CLANG_WARN_OBJC_IMPLICIT_RETAIN_SELF = YES;
				CLANG_WARN_OBJC_LITERAL_CONVERSION = YES;
				CLANG_WARN_OBJC_ROOT_CLASS = YES_ERROR;
				CLANG_WARN_QUOTED_INCLUDE_IN_FRAMEWORK_HEADER = YES;
				CLANG_WARN_RANGE_LOOP_ANALYSIS = YES;
				CLANG_WARN_STRICT_PROTOTYPES = YES;
				CLANG_WARN_SUSPICIOUS_MOVE = YES;
				CLANG_WARN_UNGUARDED_AVAILABILITY = YES_AGGRESSIVE;
				CLANG_WARN_UNREACHABLE_CODE = YES;
				CLANG_WARN__DUPLICATE_METHOD_MATCH = YES;
				COPY_PHASE_STRIP = NO;
				DEBUG_INFORMATION_FORMAT = "dwarf-with-dsym";
				ENABLE_NS_ASSERTIONS = NO;
				ENABLE_STRICT_OBJC_MSGSEND = YES;
				GCC_C_LANGUAGE_STANDARD = gnu11;
				GCC_NO_COMMON_BLOCKS = YES;
				GCC_WARN_64_TO_32_BIT_CONVERSION = YES;
				GCC_WARN_ABOUT_RETURN_TYPE = YES_ERROR;
				GCC_WARN_UNDECLARED_SELECTOR = YES;
				GCC_WARN_UNINITIALIZED_AUTOS = YES_AGGRESSIVE;
				GCC_WARN_UNUSED_FUNCTION = YES;
				GCC_WARN_UNUSED_VARIABLE = YES;
				MACOSX_DEPLOYMENT_TARGET = 13.2;
				MTL_ENABLE_DEBUG_INFO = NO;
				MTL_FAST_MATH = YES;
				SDKROOT = macosx;
				SWIFT_COMPILATION_MODE = wholemodule;
				SWIFT_OPTIMIZATION_LEVEL = "-O";
			};
			name = Release;
		};
		B8FDC62F2A71590D008FD9EE /* Debug */ = {
			isa = XCBuildConfiguration;
			buildSettings = {
				CODE_SIGN_STYLE = Automatic;
				DEVELOPMENT_TEAM = "";
				ENABLE_HARDENED_RUNTIME = YES;
				PRODUCT_NAME = "$(TARGET_NAME)";
				SWIFT_VERSION = 5.0;
			};
			name = Debug;
		};
		B8FDC6302A71590D008FD9EE /* Release */ = {
			isa = XCBuildConfiguration;
			buildSettings = {
				CODE_SIGN_STYLE = Automatic;
				DEVELOPMENT_TEAM = "";
				ENABLE_HARDENED_RUNTIME = YES;
				PRODUCT_NAME = "$(TARGET_NAME)";
				SWIFT_VERSION = 5.0;
			};
			name = Release;
		};
/* End XCBuildConfiguration section */

/* Begin XCConfigurationList section */
		B8FDC6222A71590D008FD9EE /* Build configuration list for PBXProject "elevenProject" */ = {
			isa = XCConfigurationList;
			buildConfigurations = (
				B8FDC62C2A71590D008FD9EE /* Debug */,
				B8FDC62D2A71590D008FD9EE /* Release */,
			);
			defaultConfigurationIsVisible = 0;
			defaultConfigurationName = Release;
		};
		B8FDC62E2A71590D008FD9EE /* Build configuration list for PBXNativeTarget "elevenProject" */ = {
			isa = XCConfigurationList;
			buildConfigurations = (
				B8FDC62F2A71590D008FD9EE /* Debug */,
				B8FDC6302A71590D008FD9EE /* Release */,
			);
			defaultConfigurationIsVisible = 0;
			defaultConfigurationName = Release;
		};
/* End XCConfigurationList section */
	};
	rootObject = B8FDC61F2A71590D008FD9EE /* Project object */;
}
