// !$*UTF8*$!
{
	archiveVersion = 1;
	classes = {
	};
	objectVersion = 56;
	objects = {

/* Begin PBXBuildFile section */
		079266502A7293B400DE7E10 /* loan.swift in Sources */ = {isa = PBXBuildFile; fileRef = 0792664D2A7293B400DE7E10 /* loan.swift */; };
		079266522A7293B400DE7E10 /* wallet.swift in Sources */ = {isa = PBXBuildFile; fileRef = 0792664F2A7293B400DE7E10 /* wallet.swift */; };
		272048042A728F95008776F6 /* cartClass.swift in Sources */ = {isa = PBXBuildFile; fileRef = 272048022A728F95008776F6 /* cartClass.swift */; };
		272048052A728F95008776F6 /* cartFunc.swift in Sources */ = {isa = PBXBuildFile; fileRef = 272048032A728F95008776F6 /* cartFunc.swift */; };
		27924EE32A72AD6500FD07F4 /* custom-order-print.swift in Sources */ = {isa = PBXBuildFile; fileRef = 27924EE22A72AD6500FD07F4 /* custom-order-print.swift */; };
		B823BCB32A729F94008094F1 /* bankMenu.swift in Sources */ = {isa = PBXBuildFile; fileRef = B823BCB12A729F93008094F1 /* bankMenu.swift */; };
		B823BCB42A729F94008094F1 /* bankPage.swift in Sources */ = {isa = PBXBuildFile; fileRef = B823BCB22A729F93008094F1 /* bankPage.swift */; };
		B823BCC72A729FA1008094F1 /* typingAlbaPlay.swift in Sources */ = {isa = PBXBuildFile; fileRef = B823BCB72A729FA1008094F1 /* typingAlbaPlay.swift */; };
		B823BCC82A729FA1008094F1 /* typingAlbaMenu.swift in Sources */ = {isa = PBXBuildFile; fileRef = B823BCB82A729FA1008094F1 /* typingAlbaMenu.swift */; };
		B823BCC92A729FA1008094F1 /* typingAlbaPage.swift in Sources */ = {isa = PBXBuildFile; fileRef = B823BCB92A729FA1008094F1 /* typingAlbaPage.swift */; };
		B823BCCA2A729FA1008094F1 /* albaMenu.swift in Sources */ = {isa = PBXBuildFile; fileRef = B823BCBA2A729FA1008094F1 /* albaMenu.swift */; };
		B823BCCB2A729FA1008094F1 /* albaPage.swift in Sources */ = {isa = PBXBuildFile; fileRef = B823BCBB2A729FA1008094F1 /* albaPage.swift */; };
		B823BCCC2A729FA1008094F1 /* elevenLandMenu.swift in Sources */ = {isa = PBXBuildFile; fileRef = B823BCBD2A729FA1008094F1 /* elevenLandMenu.swift */; };
		B823BCCD2A729FA1008094F1 /* yabawiGamePlay.swift in Sources */ = {isa = PBXBuildFile; fileRef = B823BCBF2A729FA1008094F1 /* yabawiGamePlay.swift */; };
		B823BCCE2A729FA1008094F1 /* yabawiGameMenu.swift in Sources */ = {isa = PBXBuildFile; fileRef = B823BCC02A729FA1008094F1 /* yabawiGameMenu.swift */; };
		B823BCCF2A729FA1008094F1 /* yabawiGamePage.swift in Sources */ = {isa = PBXBuildFile; fileRef = B823BCC12A729FA1008094F1 /* yabawiGamePage.swift */; };
		B823BCD02A729FA1008094F1 /* diceGameMenu.swift in Sources */ = {isa = PBXBuildFile; fileRef = B823BCC32A729FA1008094F1 /* diceGameMenu.swift */; };
		B823BCD12A729FA1008094F1 /* diceGamePage.swift in Sources */ = {isa = PBXBuildFile; fileRef = B823BCC42A729FA1008094F1 /* diceGamePage.swift */; };
		B823BCD22A729FA1008094F1 /* diceGamePlay.swift in Sources */ = {isa = PBXBuildFile; fileRef = B823BCC52A729FA1008094F1 /* diceGamePlay.swift */; };
		B823BCD32A729FA1008094F1 /* elevenLandPage.swift in Sources */ = {isa = PBXBuildFile; fileRef = B823BCC62A729FA1008094F1 /* elevenLandPage.swift */; };
		B823BCD92A72A042008094F1 /* HomeMenu.swift in Sources */ = {isa = PBXBuildFile; fileRef = B823BCD82A72A042008094F1 /* HomeMenu.swift */; };
		B823BCDC2A72A050008094F1 /* HomePage.swift in Sources */ = {isa = PBXBuildFile; fileRef = B823BCDB2A72A050008094F1 /* HomePage.swift */; };
		B8FDC62B2A71590D008FD9EE /* main.swift in Sources */ = {isa = PBXBuildFile; fileRef = B8FDC62A2A71590D008FD9EE /* main.swift */; };
		B8FDC6342A71595F008FD9EE /* menuOrderPage.swift in Sources */ = {isa = PBXBuildFile; fileRef = B8FDC6332A71595F008FD9EE /* menuOrderPage.swift */; };
		B8FDC6362A71596D008FD9EE /* customOrderPage.swift in Sources */ = {isa = PBXBuildFile; fileRef = B8FDC6352A71596D008FD9EE /* customOrderPage.swift */; };
		B8FDC63A2A7159A8008FD9EE /* cart.swift in Sources */ = {isa = PBXBuildFile; fileRef = B8FDC6392A7159A8008FD9EE /* cart.swift */; };
		B8FDC63D2A7159EA008FD9EE /* bank.swift in Sources */ = {isa = PBXBuildFile; fileRef = B8FDC63C2A7159EA008FD9EE /* bank.swift */; };
		D857EEE92A729630000B235E /* printMenuList.swift in Sources */ = {isa = PBXBuildFile; fileRef = D857EED52A729630000B235E /* printMenuList.swift */; };
		D857EEEA2A729630000B235E /* runSubway11Order.swift in Sources */ = {isa = PBXBuildFile; fileRef = D857EED62A729630000B235E /* runSubway11Order.swift */; };
		D857EEEB2A729630000B235E /* menu-order.swift in Sources */ = {isa = PBXBuildFile; fileRef = D857EED82A729630000B235E /* menu-order.swift */; };
		D857EEEC2A729630000B235E /* custom-order.swift in Sources */ = {isa = PBXBuildFile; fileRef = D857EEDA2A729630000B235E /* custom-order.swift */; };
		D857EEEE2A729630000B235E /* hateIngredient.swift in Sources */ = {isa = PBXBuildFile; fileRef = D857EEDC2A729630000B235E /* hateIngredient.swift */; };
		D857EEEF2A729630000B235E /* Meatball.swift in Sources */ = {isa = PBXBuildFile; fileRef = D857EEDE2A729630000B235E /* Meatball.swift */; };
		D857EEF02A729630000B235E /* Ham.swift in Sources */ = {isa = PBXBuildFile; fileRef = D857EEDF2A729630000B235E /* Ham.swift */; };
		D857EEF12A729630000B235E /* Data.swift in Sources */ = {isa = PBXBuildFile; fileRef = D857EEE02A729630000B235E /* Data.swift */; };
		D857EEF22A729630000B235E /* EggMayo.swift in Sources */ = {isa = PBXBuildFile; fileRef = D857EEE12A729630000B235E /* EggMayo.swift */; };
		D857EEF32A729630000B235E /* Turkey.swift in Sources */ = {isa = PBXBuildFile; fileRef = D857EEE22A729630000B235E /* Turkey.swift */; };
		D857EEF42A729630000B235E /* SubwaySandwich.swift in Sources */ = {isa = PBXBuildFile; fileRef = D857EEE32A729630000B235E /* SubwaySandwich.swift */; };
		D857EEF52A729630000B235E /* Tuna.swift in Sources */ = {isa = PBXBuildFile; fileRef = D857EEE42A729630000B235E /* Tuna.swift */; };
		D857EEF62A729630000B235E /* BLT.swift in Sources */ = {isa = PBXBuildFile; fileRef = D857EEE52A729630000B235E /* BLT.swift */; };
		D857EEF82A729630000B235E /* Wallet.swift in Sources */ = {isa = PBXBuildFile; fileRef = D857EEE72A729630000B235E /* Wallet.swift */; };
/* End PBXBuildFile section */

/* Begin PBXCopyFilesBuildPhase section */
		B8FDC6252A71590D008FD9EE /* CopyFiles */ = {
			isa = PBXCopyFilesBuildPhase;
			buildActionMask = 2147483647;
			dstPath = /usr/share/man/man1/;
			dstSubfolderSpec = 0;
			files = (
			);
			runOnlyForDeploymentPostprocessing = 1;
		};
/* End PBXCopyFilesBuildPhase section */

/* Begin PBXFileReference section */
		0792664D2A7293B400DE7E10 /* loan.swift */ = {isa = PBXFileReference; fileEncoding = 4; lastKnownFileType = sourcecode.swift; path = loan.swift; sourceTree = "<group>"; };
		0792664F2A7293B400DE7E10 /* wallet.swift */ = {isa = PBXFileReference; fileEncoding = 4; lastKnownFileType = sourcecode.swift; path = wallet.swift; sourceTree = "<group>"; };
		272048022A728F95008776F6 /* cartClass.swift */ = {isa = PBXFileReference; fileEncoding = 4; lastKnownFileType = sourcecode.swift; path = cartClass.swift; sourceTree = "<group>"; };
		272048032A728F95008776F6 /* cartFunc.swift */ = {isa = PBXFileReference; fileEncoding = 4; lastKnownFileType = sourcecode.swift; path = cartFunc.swift; sourceTree = "<group>"; };
		27924EE22A72AD6500FD07F4 /* custom-order-print.swift */ = {isa = PBXFileReference; lastKnownFileType = sourcecode.swift; path = "custom-order-print.swift"; sourceTree = "<group>"; };
		B823BCB12A729F93008094F1 /* bankMenu.swift */ = {isa = PBXFileReference; fileEncoding = 4; lastKnownFileType = sourcecode.swift; path = bankMenu.swift; sourceTree = "<group>"; };
		B823BCB22A729F93008094F1 /* bankPage.swift */ = {isa = PBXFileReference; fileEncoding = 4; lastKnownFileType = sourcecode.swift; path = bankPage.swift; sourceTree = "<group>"; };
		B823BCB72A729FA1008094F1 /* typingAlbaPlay.swift */ = {isa = PBXFileReference; fileEncoding = 4; lastKnownFileType = sourcecode.swift; path = typingAlbaPlay.swift; sourceTree = "<group>"; };
		B823BCB82A729FA1008094F1 /* typingAlbaMenu.swift */ = {isa = PBXFileReference; fileEncoding = 4; lastKnownFileType = sourcecode.swift; path = typingAlbaMenu.swift; sourceTree = "<group>"; };
		B823BCB92A729FA1008094F1 /* typingAlbaPage.swift */ = {isa = PBXFileReference; fileEncoding = 4; lastKnownFileType = sourcecode.swift; path = typingAlbaPage.swift; sourceTree = "<group>"; };
		B823BCBA2A729FA1008094F1 /* albaMenu.swift */ = {isa = PBXFileReference; fileEncoding = 4; lastKnownFileType = sourcecode.swift; path = albaMenu.swift; sourceTree = "<group>"; };
		B823BCBB2A729FA1008094F1 /* albaPage.swift */ = {isa = PBXFileReference; fileEncoding = 4; lastKnownFileType = sourcecode.swift; path = albaPage.swift; sourceTree = "<group>"; };
		B823BCBD2A729FA1008094F1 /* elevenLandMenu.swift */ = {isa = PBXFileReference; fileEncoding = 4; lastKnownFileType = sourcecode.swift; path = elevenLandMenu.swift; sourceTree = "<group>"; };
		B823BCBF2A729FA1008094F1 /* yabawiGamePlay.swift */ = {isa = PBXFileReference; fileEncoding = 4; lastKnownFileType = sourcecode.swift; path = yabawiGamePlay.swift; sourceTree = "<group>"; };
		B823BCC02A729FA1008094F1 /* yabawiGameMenu.swift */ = {isa = PBXFileReference; fileEncoding = 4; lastKnownFileType = sourcecode.swift; path = yabawiGameMenu.swift; sourceTree = "<group>"; };
		B823BCC12A729FA1008094F1 /* yabawiGamePage.swift */ = {isa = PBXFileReference; fileEncoding = 4; lastKnownFileType = sourcecode.swift; path = yabawiGamePage.swift; sourceTree = "<group>"; };
		B823BCC32A729FA1008094F1 /* diceGameMenu.swift */ = {isa = PBXFileReference; fileEncoding = 4; lastKnownFileType = sourcecode.swift; path = diceGameMenu.swift; sourceTree = "<group>"; };
		B823BCC42A729FA1008094F1 /* diceGamePage.swift */ = {isa = PBXFileReference; fileEncoding = 4; lastKnownFileType = sourcecode.swift; path = diceGamePage.swift; sourceTree = "<group>"; };
		B823BCC52A729FA1008094F1 /* diceGamePlay.swift */ = {isa = PBXFileReference; fileEncoding = 4; lastKnownFileType = sourcecode.swift; path = diceGamePlay.swift; sourceTree = "<group>"; };
		B823BCC62A729FA1008094F1 /* elevenLandPage.swift */ = {isa = PBXFileReference; fileEncoding = 4; lastKnownFileType = sourcecode.swift; path = elevenLandPage.swift; sourceTree = "<group>"; };
		B823BCD82A72A042008094F1 /* HomeMenu.swift */ = {isa = PBXFileReference; lastKnownFileType = sourcecode.swift; path = HomeMenu.swift; sourceTree = "<group>"; };
		B823BCDB2A72A050008094F1 /* HomePage.swift */ = {isa = PBXFileReference; lastKnownFileType = sourcecode.swift; path = HomePage.swift; sourceTree = "<group>"; };
		B8FDC6272A71590D008FD9EE /* elevenProject */ = {isa = PBXFileReference; explicitFileType = "compiled.mach-o.executable"; includeInIndex = 0; path = elevenProject; sourceTree = BUILT_PRODUCTS_DIR; };
		B8FDC62A2A71590D008FD9EE /* main.swift */ = {isa = PBXFileReference; lastKnownFileType = sourcecode.swift; path = main.swift; sourceTree = "<group>"; };
		B8FDC6332A71595F008FD9EE /* menuOrderPage.swift */ = {isa = PBXFileReference; lastKnownFileType = sourcecode.swift; path = menuOrderPage.swift; sourceTree = "<group>"; };
		B8FDC6352A71596D008FD9EE /* customOrderPage.swift */ = {isa = PBXFileReference; lastKnownFileType = sourcecode.swift; path = customOrderPage.swift; sourceTree = "<group>"; };
		B8FDC6392A7159A8008FD9EE /* cart.swift */ = {isa = PBXFileReference; lastKnownFileType = sourcecode.swift; path = cart.swift; sourceTree = "<group>"; };
		B8FDC63C2A7159EA008FD9EE /* bank.swift */ = {isa = PBXFileReference; lastKnownFileType = sourcecode.swift; path = bank.swift; sourceTree = "<group>"; };
		D857EED52A729630000B235E /* printMenuList.swift */ = {isa = PBXFileReference; fileEncoding = 4; lastKnownFileType = sourcecode.swift; path = printMenuList.swift; sourceTree = "<group>"; };
		D857EED62A729630000B235E /* runSubway11Order.swift */ = {isa = PBXFileReference; fileEncoding = 4; lastKnownFileType = sourcecode.swift; path = runSubway11Order.swift; sourceTree = "<group>"; };
		D857EED82A729630000B235E /* menu-order.swift */ = {isa = PBXFileReference; fileEncoding = 4; lastKnownFileType = sourcecode.swift; path = "menu-order.swift"; sourceTree = "<group>"; };
		D857EEDA2A729630000B235E /* custom-order.swift */ = {isa = PBXFileReference; fileEncoding = 4; lastKnownFileType = sourcecode.swift; path = "custom-order.swift"; sourceTree = "<group>"; };
		D857EEDC2A729630000B235E /* hateIngredient.swift */ = {isa = PBXFileReference; fileEncoding = 4; lastKnownFileType = sourcecode.swift; path = hateIngredient.swift; sourceTree = "<group>"; };
		D857EEDE2A729630000B235E /* Meatball.swift */ = {isa = PBXFileReference; fileEncoding = 4; lastKnownFileType = sourcecode.swift; path = Meatball.swift; sourceTree = "<group>"; };
		D857EEDF2A729630000B235E /* Ham.swift */ = {isa = PBXFileReference; fileEncoding = 4; lastKnownFileType = sourcecode.swift; path = Ham.swift; sourceTree = "<group>"; };
		D857EEE02A729630000B235E /* Data.swift */ = {isa = PBXFileReference; fileEncoding = 4; lastKnownFileType = sourcecode.swift; path = Data.swift; sourceTree = "<group>"; };
		D857EEE12A729630000B235E /* EggMayo.swift */ = {isa = PBXFileReference; fileEncoding = 4; lastKnownFileType = sourcecode.swift; path = EggMayo.swift; sourceTree = "<group>"; };
		D857EEE22A729630000B235E /* Turkey.swift */ = {isa = PBXFileReference; fileEncoding = 4; lastKnownFileType = sourcecode.swift; path = Turkey.swift; sourceTree = "<group>"; };
		D857EEE32A729630000B235E /* SubwaySandwich.swift */ = {isa = PBXFileReference; fileEncoding = 4; lastKnownFileType = sourcecode.swift; path = SubwaySandwich.swift; sourceTree = "<group>"; };
		D857EEE42A729630000B235E /* Tuna.swift */ = {isa = PBXFileReference; fileEncoding = 4; lastKnownFileType = sourcecode.swift; path = Tuna.swift; sourceTree = "<group>"; };
		D857EEE52A729630000B235E /* BLT.swift */ = {isa = PBXFileReference; fileEncoding = 4; lastKnownFileType = sourcecode.swift; path = BLT.swift; sourceTree = "<group>"; };
		D857EEE72A729630000B235E /* Wallet.swift */ = {isa = PBXFileReference; fileEncoding = 4; lastKnownFileType = sourcecode.swift; path = Wallet.swift; sourceTree = "<group>"; };
/* End PBXFileReference section */

/* Begin PBXFrameworksBuildPhase section */
		B8FDC6242A71590D008FD9EE /* Frameworks */ = {
			isa = PBXFrameworksBuildPhase;
			buildActionMask = 2147483647;
			files = (
			);
			runOnlyForDeploymentPostprocessing = 0;
		};
/* End PBXFrameworksBuildPhase section */

/* Begin PBXGroup section */
		0792664C2A7293B400DE7E10 /* 지갑만들기 */ = {
			isa = PBXGroup;
			children = (
				0792664D2A7293B400DE7E10 /* loan.swift */,
				0792664F2A7293B400DE7E10 /* wallet.swift */,
			);
			path = "지갑만들기";
			sourceTree = "<group>";
		};
		B823BCB52A729FA1008094F1 /* Alba */ = {
			isa = PBXGroup;
			children = (
				B823BCB62A729FA1008094F1 /* TypingAlba */,
				B823BCBA2A729FA1008094F1 /* albaMenu.swift */,
				B823BCBB2A729FA1008094F1 /* albaPage.swift */,
			);
			name = Alba;
			path = Casino/Alba;
			sourceTree = "<group>";
		};
		B823BCB62A729FA1008094F1 /* TypingAlba */ = {
			isa = PBXGroup;
			children = (
				B823BCB72A729FA1008094F1 /* typingAlbaPlay.swift */,
				B823BCB82A729FA1008094F1 /* typingAlbaMenu.swift */,
				B823BCB92A729FA1008094F1 /* typingAlbaPage.swift */,
			);
			path = TypingAlba;
			sourceTree = "<group>";
		};
		B823BCBC2A729FA1008094F1 /* ElevenLand */ = {
			isa = PBXGroup;
			children = (
				B823BCBD2A729FA1008094F1 /* elevenLandMenu.swift */,
				B823BCBE2A729FA1008094F1 /* Yabawi */,
				B823BCC22A729FA1008094F1 /* Dice */,
				B823BCC62A729FA1008094F1 /* elevenLandPage.swift */,
			);
			path = ElevenLand;
			sourceTree = "<group>";
		};
		B823BCBE2A729FA1008094F1 /* Yabawi */ = {
			isa = PBXGroup;
			children = (
				B823BCBF2A729FA1008094F1 /* yabawiGamePlay.swift */,
				B823BCC02A729FA1008094F1 /* yabawiGameMenu.swift */,
				B823BCC12A729FA1008094F1 /* yabawiGamePage.swift */,
			);
			path = Yabawi;
			sourceTree = "<group>";
		};
		B823BCC22A729FA1008094F1 /* Dice */ = {
			isa = PBXGroup;
			children = (
				B823BCC32A729FA1008094F1 /* diceGameMenu.swift */,
				B823BCC42A729FA1008094F1 /* diceGamePage.swift */,
				B823BCC52A729FA1008094F1 /* diceGamePlay.swift */,
			);
			path = Dice;
			sourceTree = "<group>";
		};
		B8FDC61E2A71590D008FD9EE = {
			isa = PBXGroup;
			children = (
				B8FDC6292A71590D008FD9EE /* elevenProject */,
				B8FDC6282A71590D008FD9EE /* Products */,
			);
			sourceTree = "<group>";
		};
		B8FDC6282A71590D008FD9EE /* Products */ = {
			isa = PBXGroup;
			children = (
				B8FDC6272A71590D008FD9EE /* elevenProject */,
			);
			name = Products;
			sourceTree = "<group>";
		};
		B8FDC6292A71590D008FD9EE /* elevenProject */ = {
			isa = PBXGroup;
			children = (
				B8FDC62A2A71590D008FD9EE /* main.swift */,
				B823BCD82A72A042008094F1 /* HomeMenu.swift */,
				B823BCDB2A72A050008094F1 /* HomePage.swift */,
				B8FDC6372A715974008FD9EE /* OrderPage */,
				B8FDC6382A715989008FD9EE /* CartPage */,
				B8FDC63B2A7159B1008FD9EE /* walt */,
			);
			path = elevenProject;
			sourceTree = "<group>";
		};
		B8FDC6372A715974008FD9EE /* OrderPage */ = {
			isa = PBXGroup;
			children = (
				D857EEDD2A729630000B235E /* Class */,
				D857EED42A729630000B235E /* func */,
				D857EEDC2A729630000B235E /* hateIngredient.swift */,
				D857EED72A729630000B235E /* main-memu-page */,
				B8FDC6332A71595F008FD9EE /* menuOrderPage.swift */,
				B8FDC6352A71596D008FD9EE /* customOrderPage.swift */,
			);
			path = OrderPage;
			sourceTree = "<group>";
		};
		B8FDC6382A715989008FD9EE /* CartPage */ = {
			isa = PBXGroup;
			children = (
				B8FDC6392A7159A8008FD9EE /* cart.swift */,
				272048022A728F95008776F6 /* cartClass.swift */,
				272048032A728F95008776F6 /* cartFunc.swift */,
			);
			path = CartPage;
			sourceTree = "<group>";
		};
		B8FDC63B2A7159B1008FD9EE /* walt */ = {
			isa = PBXGroup;
			children = (
				B8FDC63E2A715A01008FD9EE /* Bank */,
				B823BCB52A729FA1008094F1 /* Alba */,
				B823BCBC2A729FA1008094F1 /* ElevenLand */,
			);
			path = walt;
			sourceTree = "<group>";
		};
		B8FDC63E2A715A01008FD9EE /* Bank */ = {
			isa = PBXGroup;
			children = (
				0792664C2A7293B400DE7E10 /* 지갑만들기 */,
				B8FDC63C2A7159EA008FD9EE /* bank.swift */,
				B823BCB12A729F93008094F1 /* bankMenu.swift */,
				B823BCB22A729F93008094F1 /* bankPage.swift */,
			);
			path = Bank;
			sourceTree = "<group>";
		};
		D857EED42A729630000B235E /* func */ = {
			isa = PBXGroup;
			children = (
				D857EED52A729630000B235E /* printMenuList.swift */,
				D857EED62A729630000B235E /* runSubway11Order.swift */,
			);
			path = func;
			sourceTree = "<group>";
		};
		D857EED72A729630000B235E /* main-memu-page */ = {
			isa = PBXGroup;
			children = (
				D857EED82A729630000B235E /* menu-order.swift */,
				D857EED92A729630000B235E /* custom-order-page */,
			);
			path = "main-memu-page";
			sourceTree = "<group>";
		};
		D857EED92A729630000B235E /* custom-order-page */ = {
			isa = PBXGroup;
			children = (
				D857EEDA2A729630000B235E /* custom-order.swift */,
				27924EE22A72AD6500FD07F4 /* custom-order-print.swift */,
			);
			path = "custom-order-page";
			sourceTree = "<group>";
		};
		D857EEDD2A729630000B235E /* Class */ = {
			isa = PBXGroup;
			children = (
				D857EEDE2A729630000B235E /* Meatball.swift */,
				D857EEDF2A729630000B235E /* Ham.swift */,
				D857EEE02A729630000B235E /* Data.swift */,
				D857EEE12A729630000B235E /* EggMayo.swift */,
				D857EEE22A729630000B235E /* Turkey.swift */,
				D857EEE32A729630000B235E /* SubwaySandwich.swift */,
				D857EEE42A729630000B235E /* Tuna.swift */,
				D857EEE52A729630000B235E /* BLT.swift */,
				D857EEE72A729630000B235E /* Wallet.swift */,
			);
			path = Class;
			sourceTree = "<group>";
		};
/* End PBXGroup section */

/* Begin PBXNativeTarget section */
		B8FDC6262A71590D008FD9EE /* elevenProject */ = {
			isa = PBXNativeTarget;
			buildConfigurationList = B8FDC62E2A71590D008FD9EE /* Build configuration list for PBXNativeTarget "elevenProject" */;
			buildPhases = (
				B8FDC6232A71590D008FD9EE /* Sources */,
				B8FDC6242A71590D008FD9EE /* Frameworks */,
				B8FDC6252A71590D008FD9EE /* CopyFiles */,
			);
			buildRules = (
			);
			dependencies = (
			);
			name = elevenProject;
			productName = elevenProject;
			productReference = B8FDC6272A71590D008FD9EE /* elevenProject */;
			productType = "com.apple.product-type.tool";
		};
/* End PBXNativeTarget section */

/* Begin PBXProject section */
		B8FDC61F2A71590D008FD9EE /* Project object */ = {
			isa = PBXProject;
			attributes = {
				BuildIndependentTargetsInParallel = 1;
				LastSwiftUpdateCheck = 1430;
				LastUpgradeCheck = 1430;
				TargetAttributes = {
					B8FDC6262A71590D008FD9EE = {
						CreatedOnToolsVersion = 14.3.1;
					};
				};
			};
			buildConfigurationList = B8FDC6222A71590D008FD9EE /* Build configuration list for PBXProject "elevenProject" */;
			compatibilityVersion = "Xcode 14.0";
			developmentRegion = en;
			hasScannedForEncodings = 0;
			knownRegions = (
				en,
				Base,
			);
			mainGroup = B8FDC61E2A71590D008FD9EE;
			productRefGroup = B8FDC6282A71590D008FD9EE /* Products */;
			projectDirPath = "";
			projectRoot = "";
			targets = (
				B8FDC6262A71590D008FD9EE /* elevenProject */,
			);
		};
/* End PBXProject section */

/* Begin PBXSourcesBuildPhase section */
		B8FDC6232A71590D008FD9EE /* Sources */ = {
			isa = PBXSourcesBuildPhase;
			buildActionMask = 2147483647;
			files = (
				D857EEF82A729630000B235E /* Wallet.swift in Sources */,
				B8FDC63D2A7159EA008FD9EE /* bank.swift in Sources */,
				B823BCCC2A729FA1008094F1 /* elevenLandMenu.swift in Sources */,
				B8FDC6362A71596D008FD9EE /* customOrderPage.swift in Sources */,
				B823BCCD2A729FA1008094F1 /* yabawiGamePlay.swift in Sources */,
				B823BCD92A72A042008094F1 /* HomeMenu.swift in Sources */,
				B823BCB32A729F94008094F1 /* bankMenu.swift in Sources */,
				D857EEF42A729630000B235E /* SubwaySandwich.swift in Sources */,
				B823BCCA2A729FA1008094F1 /* albaMenu.swift in Sources */,
				B8FDC62B2A71590D008FD9EE /* main.swift in Sources */,
				079266502A7293B400DE7E10 /* loan.swift in Sources */,
				079266522A7293B400DE7E10 /* wallet.swift in Sources */,
				B823BCCB2A729FA1008094F1 /* albaPage.swift in Sources */,
				27924EE32A72AD6500FD07F4 /* custom-order-print.swift in Sources */,
				D857EEE92A729630000B235E /* printMenuList.swift in Sources */,
				D857EEF02A729630000B235E /* Ham.swift in Sources */,
				B823BCC72A729FA1008094F1 /* typingAlbaPlay.swift in Sources */,
				D857EEF32A729630000B235E /* Turkey.swift in Sources */,
				B823BCC82A729FA1008094F1 /* typingAlbaMenu.swift in Sources */,
				B823BCDC2A72A050008094F1 /* HomePage.swift in Sources */,
				D857EEF52A729630000B235E /* Tuna.swift in Sources */,
				B8FDC63A2A7159A8008FD9EE /* cart.swift in Sources */,
				B823BCD22A729FA1008094F1 /* diceGamePlay.swift in Sources */,
				B823BCC92A729FA1008094F1 /* typingAlbaPage.swift in Sources */,
				B823BCCE2A729FA1008094F1 /* yabawiGameMenu.swift in Sources */,
				B823BCD32A729FA1008094F1 /* elevenLandPage.swift in Sources */,
				B823BCCF2A729FA1008094F1 /* yabawiGamePage.swift in Sources */,
				272048042A728F95008776F6 /* cartClass.swift in Sources */,
				B823BCB42A729F94008094F1 /* bankPage.swift in Sources */,
				B8FDC6342A71595F008FD9EE /* menuOrderPage.swift in Sources */,
				D857EEEB2A729630000B235E /* menu-order.swift in Sources */,
				B823BCD12A729FA1008094F1 /* diceGamePage.swift in Sources */,
				D857EEEE2A729630000B235E /* hateIngredient.swift in Sources */,
				272048052A728F95008776F6 /* cartFunc.swift in Sources */,
				D857EEF22A729630000B235E /* EggMayo.swift in Sources */,
				B823BCD02A729FA1008094F1 /* diceGameMenu.swift in Sources */,
				D857EEEC2A729630000B235E /* custom-order.swift in Sources */,
				D857EEEF2A729630000B235E /* Meatball.swift in Sources */,
				D857EEF12A729630000B235E /* Data.swift in Sources */,
				D857EEEA2A729630000B235E /* runSubway11Order.swift in Sources */,
				D857EEF62A729630000B235E /* BLT.swift in Sources */,
				272048052A728F95008776F6 /* cartFunc.swift in Sources */,
			);
			runOnlyForDeploymentPostprocessing = 0;
		};
/* End PBXSourcesBuildPhase section */

/* Begin XCBuildConfiguration section */
		B8FDC62C2A71590D008FD9EE /* Debug */ = {
			isa = XCBuildConfiguration;
			buildSettings = {
				ALWAYS_SEARCH_USER_PATHS = NO;
				CLANG_ANALYZER_NONNULL = YES;
				CLANG_ANALYZER_NUMBER_OBJECT_CONVERSION = YES_AGGRESSIVE;
				CLANG_CXX_LANGUAGE_STANDARD = "gnu++20";
				CLANG_ENABLE_MODULES = YES;
				CLANG_ENABLE_OBJC_ARC = YES;
				CLANG_ENABLE_OBJC_WEAK = YES;
				CLANG_WARN_BLOCK_CAPTURE_AUTORELEASING = YES;
				CLANG_WARN_BOOL_CONVERSION = YES;
				CLANG_WARN_COMMA = YES;
				CLANG_WARN_CONSTANT_CONVERSION = YES;
				CLANG_WARN_DEPRECATED_OBJC_IMPLEMENTATIONS = YES;
				CLANG_WARN_DIRECT_OBJC_ISA_USAGE = YES_ERROR;
				CLANG_WARN_DOCUMENTATION_COMMENTS = YES;
				CLANG_WARN_EMPTY_BODY = YES;
				CLANG_WARN_ENUM_CONVERSION = YES;
				CLANG_WARN_INFINITE_RECURSION = YES;
				CLANG_WARN_INT_CONVERSION = YES;
				CLANG_WARN_NON_LITERAL_NULL_CONVERSION = YES;
				CLANG_WARN_OBJC_IMPLICIT_RETAIN_SELF = YES;
				CLANG_WARN_OBJC_LITERAL_CONVERSION = YES;
				CLANG_WARN_OBJC_ROOT_CLASS = YES_ERROR;
				CLANG_WARN_QUOTED_INCLUDE_IN_FRAMEWORK_HEADER = YES;
				CLANG_WARN_RANGE_LOOP_ANALYSIS = YES;
				CLANG_WARN_STRICT_PROTOTYPES = YES;
				CLANG_WARN_SUSPICIOUS_MOVE = YES;
				CLANG_WARN_UNGUARDED_AVAILABILITY = YES_AGGRESSIVE;
				CLANG_WARN_UNREACHABLE_CODE = YES;
				CLANG_WARN__DUPLICATE_METHOD_MATCH = YES;
				COPY_PHASE_STRIP = NO;
				DEBUG_INFORMATION_FORMAT = dwarf;
				ENABLE_STRICT_OBJC_MSGSEND = YES;
				ENABLE_TESTABILITY = YES;
				GCC_C_LANGUAGE_STANDARD = gnu11;
				GCC_DYNAMIC_NO_PIC = NO;
				GCC_NO_COMMON_BLOCKS = YES;
				GCC_OPTIMIZATION_LEVEL = 0;
				GCC_PREPROCESSOR_DEFINITIONS = (
					"DEBUG=1",
					"$(inherited)",
				);
				GCC_WARN_64_TO_32_BIT_CONVERSION = YES;
				GCC_WARN_ABOUT_RETURN_TYPE = YES_ERROR;
				GCC_WARN_UNDECLARED_SELECTOR = YES;
				GCC_WARN_UNINITIALIZED_AUTOS = YES_AGGRESSIVE;
				GCC_WARN_UNUSED_FUNCTION = YES;
				GCC_WARN_UNUSED_VARIABLE = YES;
				MACOSX_DEPLOYMENT_TARGET = 13.2;
				MTL_ENABLE_DEBUG_INFO = INCLUDE_SOURCE;
				MTL_FAST_MATH = YES;
				ONLY_ACTIVE_ARCH = YES;
				SDKROOT = macosx;
				SWIFT_ACTIVE_COMPILATION_CONDITIONS = DEBUG;
				SWIFT_OPTIMIZATION_LEVEL = "-Onone";
			};
			name = Debug;
		};
		B8FDC62D2A71590D008FD9EE /* Release */ = {
			isa = XCBuildConfiguration;
			buildSettings = {
				ALWAYS_SEARCH_USER_PATHS = NO;
				CLANG_ANALYZER_NONNULL = YES;
				CLANG_ANALYZER_NUMBER_OBJECT_CONVERSION = YES_AGGRESSIVE;
				CLANG_CXX_LANGUAGE_STANDARD = "gnu++20";
				CLANG_ENABLE_MODULES = YES;
				CLANG_ENABLE_OBJC_ARC = YES;
				CLANG_ENABLE_OBJC_WEAK = YES;
				CLANG_WARN_BLOCK_CAPTURE_AUTORELEASING = YES;
				CLANG_WARN_BOOL_CONVERSION = YES;
				CLANG_WARN_COMMA = YES;
				CLANG_WARN_CONSTANT_CONVERSION = YES;
				CLANG_WARN_DEPRECATED_OBJC_IMPLEMENTATIONS = YES;
				CLANG_WARN_DIRECT_OBJC_ISA_USAGE = YES_ERROR;
				CLANG_WARN_DOCUMENTATION_COMMENTS = YES;
				CLANG_WARN_EMPTY_BODY = YES;
				CLANG_WARN_ENUM_CONVERSION = YES;
				CLANG_WARN_INFINITE_RECURSION = YES;
				CLANG_WARN_INT_CONVERSION = YES;
				CLANG_WARN_NON_LITERAL_NULL_CONVERSION = YES;
				CLANG_WARN_OBJC_IMPLICIT_RETAIN_SELF = YES;
				CLANG_WARN_OBJC_LITERAL_CONVERSION = YES;
				CLANG_WARN_OBJC_ROOT_CLASS = YES_ERROR;
				CLANG_WARN_QUOTED_INCLUDE_IN_FRAMEWORK_HEADER = YES;
				CLANG_WARN_RANGE_LOOP_ANALYSIS = YES;
				CLANG_WARN_STRICT_PROTOTYPES = YES;
				CLANG_WARN_SUSPICIOUS_MOVE = YES;
				CLANG_WARN_UNGUARDED_AVAILABILITY = YES_AGGRESSIVE;
				CLANG_WARN_UNREACHABLE_CODE = YES;
				CLANG_WARN__DUPLICATE_METHOD_MATCH = YES;
				COPY_PHASE_STRIP = NO;
				DEBUG_INFORMATION_FORMAT = "dwarf-with-dsym";
				ENABLE_NS_ASSERTIONS = NO;
				ENABLE_STRICT_OBJC_MSGSEND = YES;
				GCC_C_LANGUAGE_STANDARD = gnu11;
				GCC_NO_COMMON_BLOCKS = YES;
				GCC_WARN_64_TO_32_BIT_CONVERSION = YES;
				GCC_WARN_ABOUT_RETURN_TYPE = YES_ERROR;
				GCC_WARN_UNDECLARED_SELECTOR = YES;
				GCC_WARN_UNINITIALIZED_AUTOS = YES_AGGRESSIVE;
				GCC_WARN_UNUSED_FUNCTION = YES;
				GCC_WARN_UNUSED_VARIABLE = YES;
				MACOSX_DEPLOYMENT_TARGET = 13.2;
				MTL_ENABLE_DEBUG_INFO = NO;
				MTL_FAST_MATH = YES;
				SDKROOT = macosx;
				SWIFT_COMPILATION_MODE = wholemodule;
				SWIFT_OPTIMIZATION_LEVEL = "-O";
			};
			name = Release;
		};
		B8FDC62F2A71590D008FD9EE /* Debug */ = {
			isa = XCBuildConfiguration;
			buildSettings = {
				CODE_SIGN_STYLE = Automatic;
				DEVELOPMENT_TEAM = "";
				ENABLE_HARDENED_RUNTIME = YES;
				PRODUCT_NAME = "$(TARGET_NAME)";
				SWIFT_VERSION = 5.0;
			};
			name = Debug;
		};
		B8FDC6302A71590D008FD9EE /* Release */ = {
			isa = XCBuildConfiguration;
			buildSettings = {
				CODE_SIGN_STYLE = Automatic;
				DEVELOPMENT_TEAM = "";
				ENABLE_HARDENED_RUNTIME = YES;
				PRODUCT_NAME = "$(TARGET_NAME)";
				SWIFT_VERSION = 5.0;
			};
			name = Release;
		};
/* End XCBuildConfiguration section */

/* Begin XCConfigurationList section */
		B8FDC6222A71590D008FD9EE /* Build configuration list for PBXProject "elevenProject" */ = {
			isa = XCConfigurationList;
			buildConfigurations = (
				B8FDC62C2A71590D008FD9EE /* Debug */,
				B8FDC62D2A71590D008FD9EE /* Release */,
			);
			defaultConfigurationIsVisible = 0;
			defaultConfigurationName = Release;
		};
		B8FDC62E2A71590D008FD9EE /* Build configuration list for PBXNativeTarget "elevenProject" */ = {
			isa = XCConfigurationList;
			buildConfigurations = (
				B8FDC62F2A71590D008FD9EE /* Debug */,
				B8FDC6302A71590D008FD9EE /* Release */,
			);
			defaultConfigurationIsVisible = 0;
			defaultConfigurationName = Release;
		};
/* End XCConfigurationList section */
	};
	rootObject = B8FDC61F2A71590D008FD9EE /* Project object */;
}
